
Microsoft Visual Studio Solution File, Format Version 12.00
# Visual Studio Version 17
VisualStudioVersion = 17.9.34728.123
MinimumVisualStudioVersion = 10.0.40219.1
Project("{9A19103F-16F7-4668-BE54-9A1E7A4F7556}") = "ConsoleApp1", "ConsoleApp1.csproj", "{7118BD9D-03C0-4E1B-926E-BBD4578A94A8}"
EndProject
Project("{9A19103F-16F7-4668-BE54-9A1E7A4F7556}") = "Commands", "..\Commands\Commands.csproj", "{C0D9DE77-9B45-466E-94FE-F46BAB2BB298}"
EndProject
Project("{9A19103F-16F7-4668-BE54-9A1E7A4F7556}") = "MovementAndInteraction", "..\MovementAndInteraction\MovementAndInteraction.csproj", "{B45E702E-DC39-4EE6-B955-007D1767F707}"
EndProject
Project("{9A19103F-16F7-4668-BE54-9A1E7A4F7556}") = "Positioning", "..\Positioning\Positioning.csproj", "{249C04C8-E133-4CC2-96FF-C9D773590A85}"
EndProject
Project("{9A19103F-16F7-4668-BE54-9A1E7A4F7556}") = "Rendering", "..\Rendering\Rendering.csproj", "{4071AFFF-C1E8-4118-8C7E-A9DEC9B0A8F1}"
EndProject
Project("{9A19103F-16F7-4668-BE54-9A1E7A4F7556}") = "CoreEngineHierarchy", "..\CoreEngineHierarchy\CoreEngineHierarchy.csproj", "{E3F24534-A10F-4806-9B83-71EA3B5B434C}"
EndProject
Project("{9A19103F-16F7-4668-BE54-9A1E7A4F7556}") = "Demo", "..\Demo\Demo.csproj", "{BCD89987-8F56-4650-A777-8AB077EF943E}"
EndProject
Project("{FAE04EC0-301F-11D3-BF4B-00C04F79EFBC}") = "NewTilemapEngine", "..\NewTilemapEngine\NewTilemapEngine.csproj", "{E66A383F-19DF-47C1-9AF9-083C5D65CE6B}"
EndProject
Global
	GlobalSection(SolutionConfigurationPlatforms) = preSolution
		Debug|Any CPU = Debug|Any CPU
		Release|Any CPU = Release|Any CPU
	EndGlobalSection
	GlobalSection(ProjectConfigurationPlatforms) = postSolution
		{7118BD9D-03C0-4E1B-926E-BBD4578A94A8}.Debug|Any CPU.ActiveCfg = Debug|Any CPU
		{7118BD9D-03C0-4E1B-926E-BBD4578A94A8}.Debug|Any CPU.Build.0 = Debug|Any CPU
		{7118BD9D-03C0-4E1B-926E-BBD4578A94A8}.Release|Any CPU.ActiveCfg = Release|Any CPU
		{7118BD9D-03C0-4E1B-926E-BBD4578A94A8}.Release|Any CPU.Build.0 = Release|Any CPU
		{C0D9DE77-9B45-466E-94FE-F46BAB2BB298}.Debug|Any CPU.ActiveCfg = Debug|Any CPU
		{C0D9DE77-9B45-466E-94FE-F46BAB2BB298}.Debug|Any CPU.Build.0 = Debug|Any CPU
		{C0D9DE77-9B45-466E-94FE-F46BAB2BB298}.Release|Any CPU.ActiveCfg = Release|Any CPU
		{C0D9DE77-9B45-466E-94FE-F46BAB2BB298}.Release|Any CPU.Build.0 = Release|Any CPU
		{B45E702E-DC39-4EE6-B955-007D1767F707}.Debug|Any CPU.ActiveCfg = Debug|Any CPU
		{B45E702E-DC39-4EE6-B955-007D1767F707}.Debug|Any CPU.Build.0 = Debug|Any CPU
		{B45E702E-DC39-4EE6-B955-007D1767F707}.Release|Any CPU.ActiveCfg = Release|Any CPU
		{B45E702E-DC39-4EE6-B955-007D1767F707}.Release|Any CPU.Build.0 = Release|Any CPU
		{249C04C8-E133-4CC2-96FF-C9D773590A85}.Debug|Any CPU.ActiveCfg = Debug|Any CPU
		{249C04C8-E133-4CC2-96FF-C9D773590A85}.Debug|Any CPU.Build.0 = Debug|Any CPU
		{249C04C8-E133-4CC2-96FF-C9D773590A85}.Release|Any CPU.ActiveCfg = Release|Any CPU
		{249C04C8-E133-4CC2-96FF-C9D773590A85}.Release|Any CPU.Build.0 = Release|Any CPU
		{4071AFFF-C1E8-4118-8C7E-A9DEC9B0A8F1}.Debug|Any CPU.ActiveCfg = Debug|Any CPU
		{4071AFFF-C1E8-4118-8C7E-A9DEC9B0A8F1}.Debug|Any CPU.Build.0 = Debug|Any CPU
		{4071AFFF-C1E8-4118-8C7E-A9DEC9B0A8F1}.Release|Any CPU.ActiveCfg = Release|Any CPU
		{4071AFFF-C1E8-4118-8C7E-A9DEC9B0A8F1}.Release|Any CPU.Build.0 = Release|Any CPU
		{E3F24534-A10F-4806-9B83-71EA3B5B434C}.Debug|Any CPU.ActiveCfg = Debug|Any CPU
		{E3F24534-A10F-4806-9B83-71EA3B5B434C}.Debug|Any CPU.Build.0 = Debug|Any CPU
		{E3F24534-A10F-4806-9B83-71EA3B5B434C}.Release|Any CPU.ActiveCfg = Release|Any CPU
		{E3F24534-A10F-4806-9B83-71EA3B5B434C}.Release|Any CPU.Build.0 = Release|Any CPU
		{BCD89987-8F56-4650-A777-8AB077EF943E}.Debug|Any CPU.ActiveCfg = Debug|Any CPU
		{BCD89987-8F56-4650-A777-8AB077EF943E}.Debug|Any CPU.Build.0 = Debug|Any CPU
		{BCD89987-8F56-4650-A777-8AB077EF943E}.Release|Any CPU.ActiveCfg = Release|Any CPU
		{BCD89987-8F56-4650-A777-8AB077EF943E}.Release|Any CPU.Build.0 = Release|Any CPU
		{E66A383F-19DF-47C1-9AF9-083C5D65CE6B}.Debug|Any CPU.ActiveCfg = Debug|Any CPU
		{E66A383F-19DF-47C1-9AF9-083C5D65CE6B}.Debug|Any CPU.Build.0 = Debug|Any CPU
		{E66A383F-19DF-47C1-9AF9-083C5D65CE6B}.Release|Any CPU.ActiveCfg = Release|Any CPU
		{E66A383F-19DF-47C1-9AF9-083C5D65CE6B}.Release|Any CPU.Build.0 = Release|Any CPU
	EndGlobalSection
	GlobalSection(SolutionProperties) = preSolution
		HideSolutionNode = FALSE
	EndGlobalSection
	GlobalSection(ExtensibilityGlobals) = postSolution
		SolutionGuid = {6D6C523A-4CB5-4192-877F-E66D4CF5441A}
	EndGlobalSection
EndGlobal
